
Microsoft Visual Studio Solution File, Format Version 12.00
# Visual Studio Version 16
VisualStudioVersion = 16.0.29519.87
MinimumVisualStudioVersion = 10.0.40219.1
Project("{FAE04EC0-301F-11D3-BF4B-00C04F79EFBC}") = "FaceBookClone", "FaceBookClone\FaceBookClone.csproj", "{5EA9B579-A32E-4FE6-8FEB-3D84AFC3329C}"
EndProject
Global
	GlobalSection(SolutionConfigurationPlatforms) = preSolution
		Debug|Any CPU = Debug|Any CPU
		Release|Any CPU = Release|Any CPU
	EndGlobalSection
	GlobalSection(ProjectConfigurationPlatforms) = postSolution
		{5EA9B579-A32E-4FE6-8FEB-3D84AFC3329C}.Debug|Any CPU.ActiveCfg = Debug|Any CPU
		{5EA9B579-A32E-4FE6-8FEB-3D84AFC3329C}.Debug|Any CPU.Build.0 = Debug|Any CPU
		{5EA9B579-A32E-4FE6-8FEB-3D84AFC3329C}.Release|Any CPU.ActiveCfg = Release|Any CPU
		{5EA9B579-A32E-4FE6-8FEB-3D84AFC3329C}.Release|Any CPU.Build.0 = Release|Any CPU
	EndGlobalSection
	GlobalSection(SolutionProperties) = preSolution
		HideSolutionNode = FALSE
	EndGlobalSection
	GlobalSection(ExtensibilityGlobals) = postSolution
		SolutionGuid = {711FBC7F-799C-4074-867A-B448CD234D14}
	EndGlobalSection
EndGlobal
